// !$*UTF8*$!
{
	archiveVersion = 1;
	classes = {
	};
	objectVersion = 46;
	objects = {

/* Begin PBXBuildFile section */
		6832B9751C9D01E700AFF166 /* TZWWeakTimerTarget.m in Sources */ = {isa = PBXBuildFile; fileRef = 6832B9741C9D01E700AFF166 /* TZWWeakTimerTarget.m */; };
		68EB4FD01C993FAF0074CABB /* main.m in Sources */ = {isa = PBXBuildFile; fileRef = 68EB4FCF1C993FAF0074CABB /* main.m */; };
		68EB4FD31C993FAF0074CABB /* AppDelegate.m in Sources */ = {isa = PBXBuildFile; fileRef = 68EB4FD21C993FAF0074CABB /* AppDelegate.m */; };
		68EB4FD91C993FAF0074CABB /* Main.storyboard in Resources */ = {isa = PBXBuildFile; fileRef = 68EB4FD71C993FAF0074CABB /* Main.storyboard */; };
		68EB4FDB1C993FAF0074CABB /* Assets.xcassets in Resources */ = {isa = PBXBuildFile; fileRef = 68EB4FDA1C993FAF0074CABB /* Assets.xcassets */; };
		68EB4FDE1C993FAF0074CABB /* LaunchScreen.storyboard in Resources */ = {isa = PBXBuildFile; fileRef = 68EB4FDC1C993FAF0074CABB /* LaunchScreen.storyboard */; };
		68EB4FE91C993FAF0074CABB /* WangYI01Tests.m in Sources */ = {isa = PBXBuildFile; fileRef = 68EB4FE81C993FAF0074CABB /* WangYI01Tests.m */; };
		68EB4FF41C993FAF0074CABB /* WangYI01UITests.m in Sources */ = {isa = PBXBuildFile; fileRef = 68EB4FF31C993FAF0074CABB /* WangYI01UITests.m */; };
		68EB50041C9950CE0074CABB /* TZWNetworkTool.m in Sources */ = {isa = PBXBuildFile; fileRef = 68EB50031C9950CE0074CABB /* TZWNetworkTool.m */; };
		68EB50081C9954C40074CABB /* TZWHeadLine.m in Sources */ = {isa = PBXBuildFile; fileRef = 68EB50071C9954C40074CABB /* TZWHeadLine.m */; };
		68EB500B1C99618B0074CABB /* TZWHeadLineViewController.m in Sources */ = {isa = PBXBuildFile; fileRef = 68EB500A1C99618B0074CABB /* TZWHeadLineViewController.m */; };
		68EB500F1C9961E80074CABB /* TZWLoopView.m in Sources */ = {isa = PBXBuildFile; fileRef = 68EB500E1C9961E80074CABB /* TZWLoopView.m */; };
		68EB50121C99648D0074CABB /* TZWLoopViewFlowLayout.m in Sources */ = {isa = PBXBuildFile; fileRef = 68EB50111C99648D0074CABB /* TZWLoopViewFlowLayout.m */; };
		68EB50151C996A810074CABB /* TZWLoopViewCell.m in Sources */ = {isa = PBXBuildFile; fileRef = 68EB50141C996A810074CABB /* TZWLoopViewCell.m */; };
		B90B91C20A9CD118EA8D0A03 /* libPods.a in Frameworks */ = {isa = PBXBuildFile; fileRef = 485C9287D2958ABB6D10875A /* libPods.a */; };
/* End PBXBuildFile section */

/* Begin PBXContainerItemProxy section */
		68EB4FE51C993FAF0074CABB /* PBXContainerItemProxy */ = {
			isa = PBXContainerItemProxy;
			containerPortal = 68EB4FC31C993FAF0074CABB /* Project object */;
			proxyType = 1;
			remoteGlobalIDString = 68EB4FCA1C993FAF0074CABB;
			remoteInfo = WangYI01;
		};
		68EB4FF01C993FAF0074CABB /* PBXContainerItemProxy */ = {
			isa = PBXContainerItemProxy;
			containerPortal = 68EB4FC31C993FAF0074CABB /* Project object */;
			proxyType = 1;
			remoteGlobalIDString = 68EB4FCA1C993FAF0074CABB;
			remoteInfo = WangYI01;
		};
/* End PBXContainerItemProxy section */

/* Begin PBXFileReference section */
		485C9287D2958ABB6D10875A /* libPods.a */ = {isa = PBXFileReference; explicitFileType = archive.ar; includeInIndex = 0; path = libPods.a; sourceTree = BUILT_PRODUCTS_DIR; };
		6832B9731C9D01E700AFF166 /* TZWWeakTimerTarget.h */ = {isa = PBXFileReference; fileEncoding = 4; lastKnownFileType = sourcecode.c.h; path = TZWWeakTimerTarget.h; sourceTree = "<group>"; };
		6832B9741C9D01E700AFF166 /* TZWWeakTimerTarget.m */ = {isa = PBXFileReference; fileEncoding = 4; lastKnownFileType = sourcecode.c.objc; path = TZWWeakTimerTarget.m; sourceTree = "<group>"; };
		68EB4FCB1C993FAF0074CABB /* WangYI01.app */ = {isa = PBXFileReference; explicitFileType = wrapper.application; includeInIndex = 0; path = WangYI01.app; sourceTree = BUILT_PRODUCTS_DIR; };
		68EB4FCF1C993FAF0074CABB /* main.m */ = {isa = PBXFileReference; lastKnownFileType = sourcecode.c.objc; path = main.m; sourceTree = "<group>"; };
		68EB4FD11C993FAF0074CABB /* AppDelegate.h */ = {isa = PBXFileReference; lastKnownFileType = sourcecode.c.h; path = AppDelegate.h; sourceTree = "<group>"; };
		68EB4FD21C993FAF0074CABB /* AppDelegate.m */ = {isa = PBXFileReference; lastKnownFileType = sourcecode.c.objc; path = AppDelegate.m; sourceTree = "<group>"; };
		68EB4FD81C993FAF0074CABB /* Base */ = {isa = PBXFileReference; lastKnownFileType = file.storyboard; name = Base; path = Base.lproj/Main.storyboard; sourceTree = "<group>"; };
		68EB4FDA1C993FAF0074CABB /* Assets.xcassets */ = {isa = PBXFileReference; lastKnownFileType = folder.assetcatalog; path = Assets.xcassets; sourceTree = "<group>"; };
		68EB4FDD1C993FAF0074CABB /* Base */ = {isa = PBXFileReference; lastKnownFileType = file.storyboard; name = Base; path = Base.lproj/LaunchScreen.storyboard; sourceTree = "<group>"; };
		68EB4FDF1C993FAF0074CABB /* Info.plist */ = {isa = PBXFileReference; lastKnownFileType = text.plist.xml; path = Info.plist; sourceTree = "<group>"; };
		68EB4FE41C993FAF0074CABB /* WangYI01Tests.xctest */ = {isa = PBXFileReference; explicitFileType = wrapper.cfbundle; includeInIndex = 0; path = WangYI01Tests.xctest; sourceTree = BUILT_PRODUCTS_DIR; };
		68EB4FE81C993FAF0074CABB /* WangYI01Tests.m */ = {isa = PBXFileReference; lastKnownFileType = sourcecode.c.objc; path = WangYI01Tests.m; sourceTree = "<group>"; };
		68EB4FEA1C993FAF0074CABB /* Info.plist */ = {isa = PBXFileReference; lastKnownFileType = text.plist.xml; path = Info.plist; sourceTree = "<group>"; };
		68EB4FEF1C993FAF0074CABB /* WangYI01UITests.xctest */ = {isa = PBXFileReference; explicitFileType = wrapper.cfbundle; includeInIndex = 0; path = WangYI01UITests.xctest; sourceTree = BUILT_PRODUCTS_DIR; };
		68EB4FF31C993FAF0074CABB /* WangYI01UITests.m */ = {isa = PBXFileReference; lastKnownFileType = sourcecode.c.objc; path = WangYI01UITests.m; sourceTree = "<group>"; };
		68EB4FF51C993FAF0074CABB /* Info.plist */ = {isa = PBXFileReference; lastKnownFileType = text.plist.xml; path = Info.plist; sourceTree = "<group>"; };
		68EB50021C9950CE0074CABB /* TZWNetworkTool.h */ = {isa = PBXFileReference; fileEncoding = 4; lastKnownFileType = sourcecode.c.h; path = TZWNetworkTool.h; sourceTree = "<group>"; };
		68EB50031C9950CE0074CABB /* TZWNetworkTool.m */ = {isa = PBXFileReference; fileEncoding = 4; lastKnownFileType = sourcecode.c.objc; path = TZWNetworkTool.m; sourceTree = "<group>"; };
		68EB50061C9954C40074CABB /* TZWHeadLine.h */ = {isa = PBXFileReference; fileEncoding = 4; lastKnownFileType = sourcecode.c.h; path = TZWHeadLine.h; sourceTree = "<group>"; };
		68EB50071C9954C40074CABB /* TZWHeadLine.m */ = {isa = PBXFileReference; fileEncoding = 4; lastKnownFileType = sourcecode.c.objc; path = TZWHeadLine.m; sourceTree = "<group>"; };
		68EB50091C99618B0074CABB /* TZWHeadLineViewController.h */ = {isa = PBXFileReference; fileEncoding = 4; lastKnownFileType = sourcecode.c.h; path = TZWHeadLineViewController.h; sourceTree = "<group>"; };
		68EB500A1C99618B0074CABB /* TZWHeadLineViewController.m */ = {isa = PBXFileReference; fileEncoding = 4; lastKnownFileType = sourcecode.c.objc; path = TZWHeadLineViewController.m; sourceTree = "<group>"; };
		68EB500D1C9961E80074CABB /* TZWLoopView.h */ = {isa = PBXFileReference; fileEncoding = 4; lastKnownFileType = sourcecode.c.h; path = TZWLoopView.h; sourceTree = "<group>"; };
		68EB500E1C9961E80074CABB /* TZWLoopView.m */ = {isa = PBXFileReference; fileEncoding = 4; lastKnownFileType = sourcecode.c.objc; path = TZWLoopView.m; sourceTree = "<group>"; };
		68EB50101C99648D0074CABB /* TZWLoopViewFlowLayout.h */ = {isa = PBXFileReference; fileEncoding = 4; lastKnownFileType = sourcecode.c.h; path = TZWLoopViewFlowLayout.h; sourceTree = "<group>"; };
		68EB50111C99648D0074CABB /* TZWLoopViewFlowLayout.m */ = {isa = PBXFileReference; fileEncoding = 4; lastKnownFileType = sourcecode.c.objc; path = TZWLoopViewFlowLayout.m; sourceTree = "<group>"; };
		68EB50131C996A810074CABB /* TZWLoopViewCell.h */ = {isa = PBXFileReference; fileEncoding = 4; lastKnownFileType = sourcecode.c.h; path = TZWLoopViewCell.h; sourceTree = "<group>"; };
		68EB50141C996A810074CABB /* TZWLoopViewCell.m */ = {isa = PBXFileReference; fileEncoding = 4; lastKnownFileType = sourcecode.c.objc; path = TZWLoopViewCell.m; sourceTree = "<group>"; };
		AECF6454C85DE69E47F14A31 /* Pods.release.xcconfig */ = {isa = PBXFileReference; includeInIndex = 1; lastKnownFileType = text.xcconfig; name = Pods.release.xcconfig; path = "Pods/Target Support Files/Pods/Pods.release.xcconfig"; sourceTree = "<group>"; };
		BAF0737B628B6FC1B26023C9 /* Pods.debug.xcconfig */ = {isa = PBXFileReference; includeInIndex = 1; lastKnownFileType = text.xcconfig; name = Pods.debug.xcconfig; path = "Pods/Target Support Files/Pods/Pods.debug.xcconfig"; sourceTree = "<group>"; };
/* End PBXFileReference section */

/* Begin PBXFrameworksBuildPhase section */
		68EB4FC81C993FAF0074CABB /* Frameworks */ = {
			isa = PBXFrameworksBuildPhase;
			buildActionMask = 2147483647;
			files = (
				B90B91C20A9CD118EA8D0A03 /* libPods.a in Frameworks */,
			);
			runOnlyForDeploymentPostprocessing = 0;
		};
		68EB4FE11C993FAF0074CABB /* Frameworks */ = {
			isa = PBXFrameworksBuildPhase;
			buildActionMask = 2147483647;
			files = (
			);
			runOnlyForDeploymentPostprocessing = 0;
		};
		68EB4FEC1C993FAF0074CABB /* Frameworks */ = {
			isa = PBXFrameworksBuildPhase;
			buildActionMask = 2147483647;
			files = (
			);
			runOnlyForDeploymentPostprocessing = 0;
		};
/* End PBXFrameworksBuildPhase section */

/* Begin PBXGroup section */
		6832B9761C9D0BC100AFF166 /* News */ = {
			isa = PBXGroup;
			children = (
			);
			path = News;
			sourceTree = "<group>";
		};
		68EB4FC21C993FAF0074CABB = {
			isa = PBXGroup;
			children = (
				68EB4FCD1C993FAF0074CABB /* WangYI01 */,
				68EB4FE71C993FAF0074CABB /* WangYI01Tests */,
				68EB4FF21C993FAF0074CABB /* WangYI01UITests */,
				68EB4FCC1C993FAF0074CABB /* Products */,
				ECB2A53105FB8D33AF86D6FE /* Pods */,
				879448599027FFADF96FACCF /* Frameworks */,
			);
			sourceTree = "<group>";
		};
		68EB4FCC1C993FAF0074CABB /* Products */ = {
			isa = PBXGroup;
			children = (
				68EB4FCB1C993FAF0074CABB /* WangYI01.app */,
				68EB4FE41C993FAF0074CABB /* WangYI01Tests.xctest */,
				68EB4FEF1C993FAF0074CABB /* WangYI01UITests.xctest */,
			);
			name = Products;
			sourceTree = "<group>";
		};
		68EB4FCD1C993FAF0074CABB /* WangYI01 */ = {
			isa = PBXGroup;
			children = (
				6832B9761C9D0BC100AFF166 /* News */,
				68EB500C1C9961DC0074CABB /* LoopView */,
				68EB50051C9954AC0074CABB /* HeadLine */,
				68EB50011C99506A0074CABB /* Tool */,
				68EB4FD11C993FAF0074CABB /* AppDelegate.h */,
				68EB4FD21C993FAF0074CABB /* AppDelegate.m */,
				68EB4FD71C993FAF0074CABB /* Main.storyboard */,
				68EB4FDA1C993FAF0074CABB /* Assets.xcassets */,
				68EB4FDC1C993FAF0074CABB /* LaunchScreen.storyboard */,
				68EB4FDF1C993FAF0074CABB /* Info.plist */,
				68EB4FCE1C993FAF0074CABB /* Supporting Files */,
			);
			path = WangYI01;
			sourceTree = "<group>";
		};
		68EB4FCE1C993FAF0074CABB /* Supporting Files */ = {
			isa = PBXGroup;
			children = (
				68EB4FCF1C993FAF0074CABB /* main.m */,
			);
			name = "Supporting Files";
			sourceTree = "<group>";
		};
		68EB4FE71C993FAF0074CABB /* WangYI01Tests */ = {
			isa = PBXGroup;
			children = (
				68EB4FE81C993FAF0074CABB /* WangYI01Tests.m */,
				68EB4FEA1C993FAF0074CABB /* Info.plist */,
			);
			path = WangYI01Tests;
			sourceTree = "<group>";
		};
		68EB4FF21C993FAF0074CABB /* WangYI01UITests */ = {
			isa = PBXGroup;
			children = (
				68EB4FF31C993FAF0074CABB /* WangYI01UITests.m */,
				68EB4FF51C993FAF0074CABB /* Info.plist */,
			);
			path = WangYI01UITests;
			sourceTree = "<group>";
		};
		68EB50011C99506A0074CABB /* Tool */ = {
			isa = PBXGroup;
			children = (
				68EB50021C9950CE0074CABB /* TZWNetworkTool.h */,
				68EB50031C9950CE0074CABB /* TZWNetworkTool.m */,
			);
			path = Tool;
			sourceTree = "<group>";
		};
		68EB50051C9954AC0074CABB /* HeadLine */ = {
			isa = PBXGroup;
			children = (
				68EB50061C9954C40074CABB /* TZWHeadLine.h */,
				68EB50071C9954C40074CABB /* TZWHeadLine.m */,
				68EB50091C99618B0074CABB /* TZWHeadLineViewController.h */,
				68EB500A1C99618B0074CABB /* TZWHeadLineViewController.m */,
			);
			path = HeadLine;
			sourceTree = "<group>";
		};
		68EB500C1C9961DC0074CABB /* LoopView */ = {
			isa = PBXGroup;
			children = (
				68EB500D1C9961E80074CABB /* TZWLoopView.h */,
				68EB500E1C9961E80074CABB /* TZWLoopView.m */,
				68EB50101C99648D0074CABB /* TZWLoopViewFlowLayout.h */,
				68EB50111C99648D0074CABB /* TZWLoopViewFlowLayout.m */,
				68EB50131C996A810074CABB /* TZWLoopViewCell.h */,
				68EB50141C996A810074CABB /* TZWLoopViewCell.m */,
				6832B9731C9D01E700AFF166 /* TZWWeakTimerTarget.h */,
				6832B9741C9D01E700AFF166 /* TZWWeakTimerTarget.m */,
			);
			path = LoopView;
			sourceTree = "<group>";
		};
		879448599027FFADF96FACCF /* Frameworks */ = {
			isa = PBXGroup;
			children = (
				485C9287D2958ABB6D10875A /* libPods.a */,
			);
			name = Frameworks;
			sourceTree = "<group>";
		};
		ECB2A53105FB8D33AF86D6FE /* Pods */ = {
			isa = PBXGroup;
			children = (
				BAF0737B628B6FC1B26023C9 /* Pods.debug.xcconfig */,
				AECF6454C85DE69E47F14A31 /* Pods.release.xcconfig */,
			);
			name = Pods;
			sourceTree = "<group>";
		};
/* End PBXGroup section */

/* Begin PBXNativeTarget section */
		68EB4FCA1C993FAF0074CABB /* WangYI01 */ = {
			isa = PBXNativeTarget;
			buildConfigurationList = 68EB4FF81C993FAF0074CABB /* Build configuration list for PBXNativeTarget "WangYI01" */;
			buildPhases = (
				AD0DB1FF73935CAF7E6E6A13 /* Check Pods Manifest.lock */,
				68EB4FC71C993FAF0074CABB /* Sources */,
				68EB4FC81C993FAF0074CABB /* Frameworks */,
				68EB4FC91C993FAF0074CABB /* Resources */,
				3EC49491D14C4F76D06D366C /* Embed Pods Frameworks */,
				5CC51EAC0F757FEAC8D4A7BD /* Copy Pods Resources */,
			);
			buildRules = (
			);
			dependencies = (
			);
			name = WangYI01;
			productName = WangYI01;
			productReference = 68EB4FCB1C993FAF0074CABB /* WangYI01.app */;
			productType = "com.apple.product-type.application";
		};
		68EB4FE31C993FAF0074CABB /* WangYI01Tests */ = {
			isa = PBXNativeTarget;
			buildConfigurationList = 68EB4FFB1C993FAF0074CABB /* Build configuration list for PBXNativeTarget "WangYI01Tests" */;
			buildPhases = (
				68EB4FE01C993FAF0074CABB /* Sources */,
				68EB4FE11C993FAF0074CABB /* Frameworks */,
				68EB4FE21C993FAF0074CABB /* Resources */,
			);
			buildRules = (
			);
			dependencies = (
				68EB4FE61C993FAF0074CABB /* PBXTargetDependency */,
			);
			name = WangYI01Tests;
			productName = WangYI01Tests;
			productReference = 68EB4FE41C993FAF0074CABB /* WangYI01Tests.xctest */;
			productType = "com.apple.product-type.bundle.unit-test";
		};
		68EB4FEE1C993FAF0074CABB /* WangYI01UITests */ = {
			isa = PBXNativeTarget;
			buildConfigurationList = 68EB4FFE1C993FAF0074CABB /* Build configuration list for PBXNativeTarget "WangYI01UITests" */;
			buildPhases = (
				68EB4FEB1C993FAF0074CABB /* Sources */,
				68EB4FEC1C993FAF0074CABB /* Frameworks */,
				68EB4FED1C993FAF0074CABB /* Resources */,
			);
			buildRules = (
			);
			dependencies = (
				68EB4FF11C993FAF0074CABB /* PBXTargetDependency */,
			);
			name = WangYI01UITests;
			productName = WangYI01UITests;
			productReference = 68EB4FEF1C993FAF0074CABB /* WangYI01UITests.xctest */;
			productType = "com.apple.product-type.bundle.ui-testing";
		};
/* End PBXNativeTarget section */

/* Begin PBXProject section */
		68EB4FC31C993FAF0074CABB /* Project object */ = {
			isa = PBXProject;
			attributes = {
				CLASSPREFIX = TZW;
				LastUpgradeCheck = 0720;
				ORGANIZATIONNAME = "ios檀志文";
				TargetAttributes = {
					68EB4FCA1C993FAF0074CABB = {
						CreatedOnToolsVersion = 7.2;
					};
					68EB4FE31C993FAF0074CABB = {
						CreatedOnToolsVersion = 7.2;
						TestTargetID = 68EB4FCA1C993FAF0074CABB;
					};
					68EB4FEE1C993FAF0074CABB = {
						CreatedOnToolsVersion = 7.2;
						TestTargetID = 68EB4FCA1C993FAF0074CABB;
					};
				};
			};
			buildConfigurationList = 68EB4FC61C993FAF0074CABB /* Build configuration list for PBXProject "WangYI01" */;
			compatibilityVersion = "Xcode 3.2";
			developmentRegion = English;
			hasScannedForEncodings = 0;
			knownRegions = (
				en,
				Base,
			);
			mainGroup = 68EB4FC21C993FAF0074CABB;
			productRefGroup = 68EB4FCC1C993FAF0074CABB /* Products */;
			projectDirPath = "";
			projectRoot = "";
			targets = (
				68EB4FCA1C993FAF0074CABB /* WangYI01 */,
				68EB4FE31C993FAF0074CABB /* WangYI01Tests */,
				68EB4FEE1C993FAF0074CABB /* WangYI01UITests */,
			);
		};
/* End PBXProject section */

/* Begin PBXResourcesBuildPhase section */
		68EB4FC91C993FAF0074CABB /* Resources */ = {
			isa = PBXResourcesBuildPhase;
			buildActionMask = 2147483647;
			files = (
				68EB4FDE1C993FAF0074CABB /* LaunchScreen.storyboard in Resources */,
				68EB4FDB1C993FAF0074CABB /* Assets.xcassets in Resources */,
				68EB4FD91C993FAF0074CABB /* Main.storyboard in Resources */,
			);
			runOnlyForDeploymentPostprocessing = 0;
		};
		68EB4FE21C993FAF0074CABB /* Resources */ = {
			isa = PBXResourcesBuildPhase;
			buildActionMask = 2147483647;
			files = (
			);
			runOnlyForDeploymentPostprocessing = 0;
		};
		68EB4FED1C993FAF0074CABB /* Resources */ = {
			isa = PBXResourcesBuildPhase;
			buildActionMask = 2147483647;
			files = (
			);
			runOnlyForDeploymentPostprocessing = 0;
		};
/* End PBXResourcesBuildPhase section */

/* Begin PBXShellScriptBuildPhase section */
		3EC49491D14C4F76D06D366C /* Embed Pods Frameworks */ = {
			isa = PBXShellScriptBuildPhase;
			buildActionMask = 2147483647;
			files = (
			);
			inputPaths = (
			);
			name = "Embed Pods Frameworks";
			outputPaths = (
			);
			runOnlyForDeploymentPostprocessing = 0;
			shellPath = /bin/sh;
			shellScript = "\"${SRCROOT}/Pods/Target Support Files/Pods/Pods-frameworks.sh\"\n";
			showEnvVarsInLog = 0;
		};
		5CC51EAC0F757FEAC8D4A7BD /* Copy Pods Resources */ = {
			isa = PBXShellScriptBuildPhase;
			buildActionMask = 2147483647;
			files = (
			);
			inputPaths = (
			);
			name = "Copy Pods Resources";
			outputPaths = (
			);
			runOnlyForDeploymentPostprocessing = 0;
			shellPath = /bin/sh;
			shellScript = "\"${SRCROOT}/Pods/Target Support Files/Pods/Pods-resources.sh\"\n";
			showEnvVarsInLog = 0;
		};
		AD0DB1FF73935CAF7E6E6A13 /* Check Pods Manifest.lock */ = {
			isa = PBXShellScriptBuildPhase;
			buildActionMask = 2147483647;
			files = (
			);
			inputPaths = (
			);
			name = "Check Pods Manifest.lock";
			outputPaths = (
			);
			runOnlyForDeploymentPostprocessing = 0;
			shellPath = /bin/sh;
			shellScript = "diff \"${PODS_ROOT}/../Podfile.lock\" \"${PODS_ROOT}/Manifest.lock\" > /dev/null\nif [[ $? != 0 ]] ; then\n    cat << EOM\nerror: The sandbox is not in sync with the Podfile.lock. Run 'pod install' or update your CocoaPods installation.\nEOM\n    exit 1\nfi\n";
			showEnvVarsInLog = 0;
		};
/* End PBXShellScriptBuildPhase section */

/* Begin PBXSourcesBuildPhase section */
		68EB4FC71C993FAF0074CABB /* Sources */ = {
			isa = PBXSourcesBuildPhase;
			buildActionMask = 2147483647;
			files = (
				68EB50121C99648D0074CABB /* TZWLoopViewFlowLayout.m in Sources */,
				68EB50081C9954C40074CABB /* TZWHeadLine.m in Sources */,
				68EB50041C9950CE0074CABB /* TZWNetworkTool.m in Sources */,
				68EB4FD31C993FAF0074CABB /* AppDelegate.m in Sources */,
				6832B9751C9D01E700AFF166 /* TZWWeakTimerTarget.m in Sources */,
				68EB500B1C99618B0074CABB /* TZWHeadLineViewController.m in Sources */,
				68EB500F1C9961E80074CABB /* TZWLoopView.m in Sources */,
				68EB50151C996A810074CABB /* TZWLoopViewCell.m in Sources */,
				68EB4FD01C993FAF0074CABB /* main.m in Sources */,
			);
			runOnlyForDeploymentPostprocessing = 0;
		};
		68EB4FE01C993FAF0074CABB /* Sources */ = {
			isa = PBXSourcesBuildPhase;
			buildActionMask = 2147483647;
			files = (
				68EB4FE91C993FAF0074CABB /* WangYI01Tests.m in Sources */,
			);
			runOnlyForDeploymentPostprocessing = 0;
		};
		68EB4FEB1C993FAF0074CABB /* Sources */ = {
			isa = PBXSourcesBuildPhase;
			buildActionMask = 2147483647;
			files = (
				68EB4FF41C993FAF0074CABB /* WangYI01UITests.m in Sources */,
			);
			runOnlyForDeploymentPostprocessing = 0;
		};
/* End PBXSourcesBuildPhase section */

/* Begin PBXTargetDependency section */
		68EB4FE61C993FAF0074CABB /* PBXTargetDependency */ = {
			isa = PBXTargetDependency;
			target = 68EB4FCA1C993FAF0074CABB /* WangYI01 */;
			targetProxy = 68EB4FE51C993FAF0074CABB /* PBXContainerItemProxy */;
		};
		68EB4FF11C993FAF0074CABB /* PBXTargetDependency */ = {
			isa = PBXTargetDependency;
			target = 68EB4FCA1C993FAF0074CABB /* WangYI01 */;
			targetProxy = 68EB4FF01C993FAF0074CABB /* PBXContainerItemProxy */;
		};
/* End PBXTargetDependency section */

/* Begin PBXVariantGroup section */
		68EB4FD71C993FAF0074CABB /* Main.storyboard */ = {
			isa = PBXVariantGroup;
			children = (
				68EB4FD81C993FAF0074CABB /* Base */,
			);
			name = Main.storyboard;
			sourceTree = "<group>";
		};
		68EB4FDC1C993FAF0074CABB /* LaunchScreen.storyboard */ = {
			isa = PBXVariantGroup;
			children = (
				68EB4FDD1C993FAF0074CABB /* Base */,
			);
			name = LaunchScreen.storyboard;
			sourceTree = "<group>";
		};
/* End PBXVariantGroup section */

/* Begin XCBuildConfiguration section */
		68EB4FF61C993FAF0074CABB /* Debug */ = {
			isa = XCBuildConfiguration;
			buildSettings = {
				ALWAYS_SEARCH_USER_PATHS = NO;
				CLANG_CXX_LANGUAGE_STANDARD = "gnu++0x";
				CLANG_CXX_LIBRARY = "libc++";
				CLANG_ENABLE_MODULES = YES;
				CLANG_ENABLE_OBJC_ARC = YES;
				CLANG_WARN_BOOL_CONVERSION = YES;
				CLANG_WARN_CONSTANT_CONVERSION = YES;
				CLANG_WARN_DIRECT_OBJC_ISA_USAGE = YES_ERROR;
				CLANG_WARN_EMPTY_BODY = YES;
				CLANG_WARN_ENUM_CONVERSION = YES;
				CLANG_WARN_INT_CONVERSION = YES;
				CLANG_WARN_OBJC_ROOT_CLASS = YES_ERROR;
				CLANG_WARN_UNREACHABLE_CODE = YES;
				CLANG_WARN__DUPLICATE_METHOD_MATCH = YES;
				"CODE_SIGN_IDENTITY[sdk=iphoneos*]" = "iPhone Developer";
				COPY_PHASE_STRIP = NO;
				DEBUG_INFORMATION_FORMAT = dwarf;
				ENABLE_STRICT_OBJC_MSGSEND = YES;
				ENABLE_TESTABILITY = YES;
				GCC_C_LANGUAGE_STANDARD = gnu99;
				GCC_DYNAMIC_NO_PIC = NO;
				GCC_NO_COMMON_BLOCKS = YES;
				GCC_OPTIMIZATION_LEVEL = 0;
				GCC_PREPROCESSOR_DEFINITIONS = (
					"DEBUG=1",
					"$(inherited)",
				);
				GCC_WARN_64_TO_32_BIT_CONVERSION = YES;
				GCC_WARN_ABOUT_RETURN_TYPE = YES_ERROR;
				GCC_WARN_UNDECLARED_SELECTOR = YES;
				GCC_WARN_UNINITIALIZED_AUTOS = YES_AGGRESSIVE;
				GCC_WARN_UNUSED_FUNCTION = YES;
				GCC_WARN_UNUSED_VARIABLE = YES;
				IPHONEOS_DEPLOYMENT_TARGET = 9.2;
				MTL_ENABLE_DEBUG_INFO = YES;
				ONLY_ACTIVE_ARCH = YES;
				SDKROOT = iphoneos;
			};
			name = Debug;
		};
		68EB4FF71C993FAF0074CABB /* Release */ = {
			isa = XCBuildConfiguration;
			buildSettings = {
				ALWAYS_SEARCH_USER_PATHS = NO;
				CLANG_CXX_LANGUAGE_STANDARD = "gnu++0x";
				CLANG_CXX_LIBRARY = "libc++";
				CLANG_ENABLE_MODULES = YES;
				CLANG_ENABLE_OBJC_ARC = YES;
				CLANG_WARN_BOOL_CONVERSION = YES;
				CLANG_WARN_CONSTANT_CONVERSION = YES;
				CLANG_WARN_DIRECT_OBJC_ISA_USAGE = YES_ERROR;
				CLANG_WARN_EMPTY_BODY = YES;
				CLANG_WARN_ENUM_CONVERSION = YES;
				CLANG_WARN_INT_CONVERSION = YES;
				CLANG_WARN_OBJC_ROOT_CLASS = YES_ERROR;
				CLANG_WARN_UNREACHABLE_CODE = YES;
				CLANG_WARN__DUPLICATE_METHOD_MATCH = YES;
				"CODE_SIGN_IDENTITY[sdk=iphoneos*]" = "iPhone Developer";
				COPY_PHASE_STRIP = NO;
				DEBUG_INFORMATION_FORMAT = "dwarf-with-dsym";
				ENABLE_NS_ASSERTIONS = NO;
				ENABLE_STRICT_OBJC_MSGSEND = YES;
				GCC_C_LANGUAGE_STANDARD = gnu99;
				GCC_NO_COMMON_BLOCKS = YES;
				GCC_WARN_64_TO_32_BIT_CONVERSION = YES;
				GCC_WARN_ABOUT_RETURN_TYPE = YES_ERROR;
				GCC_WARN_UNDECLARED_SELECTOR = YES;
				GCC_WARN_UNINITIALIZED_AUTOS = YES_AGGRESSIVE;
				GCC_WARN_UNUSED_FUNCTION = YES;
				GCC_WARN_UNUSED_VARIABLE = YES;
				IPHONEOS_DEPLOYMENT_TARGET = 9.2;
				MTL_ENABLE_DEBUG_INFO = NO;
				SDKROOT = iphoneos;
				VALIDATE_PRODUCT = YES;
			};
			name = Release;
		};
		68EB4FF91C993FAF0074CABB /* Debug */ = {
			isa = XCBuildConfiguration;
			baseConfigurationReference = BAF0737B628B6FC1B26023C9 /* Pods.debug.xcconfig */;
			buildSettings = {
				ASSETCATALOG_COMPILER_APPICON_NAME = AppIcon;
				INFOPLIST_FILE = WangYI01/Info.plist;
				LD_RUNPATH_SEARCH_PATHS = "$(inherited) @executable_path/Frameworks";
				PRODUCT_BUNDLE_IDENTIFIER = cn.itcast.WangYI01;
				PRODUCT_NAME = "$(TARGET_NAME)";
			};
			name = Debug;
		};
		68EB4FFA1C993FAF0074CABB /* Release */ = {
			isa = XCBuildConfiguration;
			baseConfigurationReference = AECF6454C85DE69E47F14A31 /* Pods.release.xcconfig */;
			buildSettings = {
				ASSETCATALOG_COMPILER_APPICON_NAME = AppIcon;
				INFOPLIST_FILE = WangYI01/Info.plist;
				LD_RUNPATH_SEARCH_PATHS = "$(inherited) @executable_path/Frameworks";
				PRODUCT_BUNDLE_IDENTIFIER = cn.itcast.WangYI01;
				PRODUCT_NAME = "$(TARGET_NAME)";
			};
			name = Release;
		};
		68EB4FFC1C993FAF0074CABB /* Debug */ = {
			isa = XCBuildConfiguration;
			buildSettings = {
				BUNDLE_LOADER = "$(TEST_HOST)";
				INFOPLIST_FILE = WangYI01Tests/Info.plist;
				LD_RUNPATH_SEARCH_PATHS = "$(inherited) @executable_path/Frameworks @loader_path/Frameworks";
				PRODUCT_BUNDLE_IDENTIFIER = cn.itcast.WangYI01Tests;
				PRODUCT_NAME = "$(TARGET_NAME)";
				TEST_HOST = "$(BUILT_PRODUCTS_DIR)/WangYI01.app/WangYI01";
			};
			name = Debug;
		};
		68EB4FFD1C993FAF0074CABB /* Release */ = {
			isa = XCBuildConfiguration;
			buildSettings = {
				BUNDLE_LOADER = "$(TEST_HOST)";
				INFOPLIST_FILE = WangYI01Tests/Info.plist;
				LD_RUNPATH_SEARCH_PATHS = "$(inherited) @executable_path/Frameworks @loader_path/Frameworks";
				PRODUCT_BUNDLE_IDENTIFIER = cn.itcast.WangYI01Tests;
				PRODUCT_NAME = "$(TARGET_NAME)";
				TEST_HOST = "$(BUILT_PRODUCTS_DIR)/WangYI01.app/WangYI01";
			};
			name = Release;
		};
		68EB4FFF1C993FAF0074CABB /* Debug */ = {
			isa = XCBuildConfiguration;
			buildSettings = {
				INFOPLIST_FILE = WangYI01UITests/Info.plist;
				LD_RUNPATH_SEARCH_PATHS = "$(inherited) @executable_path/Frameworks @loader_path/Frameworks";
				PRODUCT_BUNDLE_IDENTIFIER = cn.itcast.WangYI01UITests;
				PRODUCT_NAME = "$(TARGET_NAME)";
				TEST_TARGET_NAME = WangYI01;
				USES_XCTRUNNER = YES;
			};
			name = Debug;
		};
		68EB50001C993FAF0074CABB /* Release */ = {
			isa = XCBuildConfiguration;
			buildSettings = {
				INFOPLIST_FILE = WangYI01UITests/Info.plist;
				LD_RUNPATH_SEARCH_PATHS = "$(inherited) @executable_path/Frameworks @loader_path/Frameworks";
				PRODUCT_BUNDLE_IDENTIFIER = cn.itcast.WangYI01UITests;
				PRODUCT_NAME = "$(TARGET_NAME)";
				TEST_TARGET_NAME = WangYI01;
				USES_XCTRUNNER = YES;
			};
			name = Release;
		};
/* End XCBuildConfiguration section */

/* Begin XCConfigurationList section */
		68EB4FC61C993FAF0074CABB /* Build configuration list for PBXProject "WangYI01" */ = {
			isa = XCConfigurationList;
			buildConfigurations = (
				68EB4FF61C993FAF0074CABB /* Debug */,
				68EB4FF71C993FAF0074CABB /* Release */,
			);
			defaultConfigurationIsVisible = 0;
			defaultConfigurationName = Release;
		};
		68EB4FF81C993FAF0074CABB /* Build configuration list for PBXNativeTarget "WangYI01" */ = {
			isa = XCConfigurationList;
			buildConfigurations = (
				68EB4FF91C993FAF0074CABB /* Debug */,
				68EB4FFA1C993FAF0074CABB /* Release */,
			);
			defaultConfigurationIsVisible = 0;
			defaultConfigurationName = Release;
		};
		68EB4FFB1C993FAF0074CABB /* Build configuration list for PBXNativeTarget "WangYI01Tests" */ = {
			isa = XCConfigurationList;
			buildConfigurations = (
				68EB4FFC1C993FAF0074CABB /* Debug */,
				68EB4FFD1C993FAF0074CABB /* Release */,
			);
			defaultConfigurationIsVisible = 0;
			defaultConfigurationName = Release;
		};
		68EB4FFE1C993FAF0074CABB /* Build configuration list for PBXNativeTarget "WangYI01UITests" */ = {
			isa = XCConfigurationList;
			buildConfigurations = (
				68EB4FFF1C993FAF0074CABB /* Debug */,
				68EB50001C993FAF0074CABB /* Release */,
			);
			defaultConfigurationIsVisible = 0;
			defaultConfigurationName = Release;
		};
/* End XCConfigurationList section */
	};
	rootObject = 68EB4FC31C993FAF0074CABB /* Project object */;
}
